
Microsoft Visual Studio Solution File, Format Version 12.00
# Visual Studio Version 17
VisualStudioVersion = 17.11.35222.181
MinimumVisualStudioVersion = 10.0.40219.1
Project("{FAE04EC0-301F-11D3-BF4B-00C04F79EFBC}") = "Date", "Date.csproj", "{100EC85B-9200-4663-B6FE-6C3B192D91C9}"
EndProject
Global
	GlobalSection(SolutionConfigurationPlatforms) = preSolution
		Debug|Any CPU = Debug|Any CPU
		Release|Any CPU = Release|Any CPU
	EndGlobalSection
	GlobalSection(ProjectConfigurationPlatforms) = postSolution
		{100EC85B-9200-4663-B6FE-6C3B192D91C9}.Debug|Any CPU.ActiveCfg = Debug|Any CPU
		{100EC85B-9200-4663-B6FE-6C3B192D91C9}.Debug|Any CPU.Build.0 = Debug|Any CPU
		{100EC85B-9200-4663-B6FE-6C3B192D91C9}.Release|Any CPU.ActiveCfg = Release|Any CPU
		{100EC85B-9200-4663-B6FE-6C3B192D91C9}.Release|Any CPU.Build.0 = Release|Any CPU
	EndGlobalSection
	GlobalSection(SolutionProperties) = preSolution
		HideSolutionNode = FALSE
	EndGlobalSection
	GlobalSection(ExtensibilityGlobals) = postSolution
		SolutionGuid = {CC869D9A-E104-4693-8FAC-1B545840A9F8}
	EndGlobalSection
EndGlobal
